
Microsoft Visual Studio Solution File, Format Version 10.00
# Visual Studio 2008
Project("{6989167D-11E4-40FE-8C1A-2192A86A7E90}") = "coupling", "coupling.vfproj", "{0F59180B-6430-46F0-823F-B473915E336C}"
EndProject
Global
	GlobalSection(SolutionConfigurationPlatforms) = preSolution
		Debug|Win32 = Debug|Win32
		Release|Win32 = Release|Win32
	EndGlobalSection
	GlobalSection(ProjectConfigurationPlatforms) = postSolution
		{0F59180B-6430-46F0-823F-B473915E336C}.Debug|Win32.ActiveCfg = Debug|Win32
		{0F59180B-6430-46F0-823F-B473915E336C}.Debug|Win32.Build.0 = Debug|Win32
		{0F59180B-6430-46F0-823F-B473915E336C}.Release|Win32.ActiveCfg = Release|Win32
		{0F59180B-6430-46F0-823F-B473915E336C}.Release|Win32.Build.0 = Release|Win32
	EndGlobalSection
	GlobalSection(SolutionProperties) = preSolution
		HideSolutionNode = FALSE
	EndGlobalSection
EndGlobal
